{
  "lockfileVersion": 1,
  "workspaces": {
    "": {
      "name": "catalyst-playwright",
      "devDependencies": {
        "@playwright/test": "^1.52.0",
      },
    },
  },
  "packages": {
    "@playwright/test": ["@playwright/test@1.52.0", "", { "dependencies": { "playwright": "1.52.0" }, "bin": { "playwright": "cli.js" } }, "sha512-uh6W7sb55hl7D6vsAeA+V2p5JnlAqzhqFyF0VcJkKZXkgnFcVG9PziERRHQfPLfNGx1C292a4JqbWzhR8L4R1g=="],

    "fsevents": ["fsevents@2.3.2", "", { "os": "darwin" }, "sha512-xiqMQR4xAeHTuB9uWm+fFRcIOgKBMiOBP+eXiyT7jsgVCq1bkVygt00oASowB7EdtpOHaaPgKt812P9ab+DDKA=="],

    "playwright": ["playwright@1.52.0", "", { "dependencies": { "playwright-core": "1.52.0" }, "optionalDependencies": { "fsevents": "2.3.2" }, "bin": { "playwright": "cli.js" } }, "sha512-JAwMNMBlxJ2oD1kce4KPtMkDeKGHQstdpFPcPH3maElAXon/QZeTvtsfXmTMRyO9TslfoYOXkSsvao2nE1ilTw=="],

    "playwright-core": ["playwright-core@1.52.0", "", { "bin": { "playwright-core": "cli.js" } }, "sha512-l2osTgLXSMeuLZOML9qYODUQoPPnUsKsb5/P6LJ2e6uPKXUdPK5WYhN4z03G+YNbWmGDY4YENauNu4ZKczreHg=="],
  }
}
